
Microsoft Visual Studio Solution File, Format Version 12.00
# Visual Studio Version 17
VisualStudioVersion = 17.3.32804.467
MinimumVisualStudioVersion = 10.0.40219.1
Project("{FAE04EC0-301F-11D3-BF4B-00C04F79EFBC}") = "wsCokeNet", "wsCokeNet\wsCokeNet.csproj", "{4A7DFE57-24E1-45AB-B0A9-087C32B364AD}"
EndProject
Project("{FAE04EC0-301F-11D3-BF4B-00C04F79EFBC}") = "Negocio", "Negocio\Negocio.csproj", "{C03D55D8-4A37-4214-8635-187F75B8EB14}"
EndProject
Project("{9A19103F-16F7-4668-BE54-9A1E7A4F7556}") = "Entities", "Entities\Entities.csproj", "{D46CA634-BAE8-4F97-BDA4-24067721CAA4}"
EndProject
Project("{FAE04EC0-301F-11D3-BF4B-00C04F79EFBC}") = "ConsoleTeste", "ConsoleTeste\ConsoleTeste.csproj", "{921A6B03-6CB0-4A6A-B989-2EEF77967BA8}"
EndProject
Project("{FAE04EC0-301F-11D3-BF4B-00C04F79EFBC}") = "wsCokeNetDMZ", "wsCokeNetDMZ\wsCokeNetDMZ.csproj", "{97F791A8-CD70-4954-8DAB-B66CE169A00F}"
EndProject
Global
	GlobalSection(SolutionConfigurationPlatforms) = preSolution
		Debug|Any CPU = Debug|Any CPU
		Release|Any CPU = Release|Any CPU
	EndGlobalSection
	GlobalSection(ProjectConfigurationPlatforms) = postSolution
		{4A7DFE57-24E1-45AB-B0A9-087C32B364AD}.Debug|Any CPU.ActiveCfg = Debug|Any CPU
		{4A7DFE57-24E1-45AB-B0A9-087C32B364AD}.Debug|Any CPU.Build.0 = Debug|Any CPU
		{4A7DFE57-24E1-45AB-B0A9-087C32B364AD}.Release|Any CPU.ActiveCfg = Release|Any CPU
		{4A7DFE57-24E1-45AB-B0A9-087C32B364AD}.Release|Any CPU.Build.0 = Release|Any CPU
		{C03D55D8-4A37-4214-8635-187F75B8EB14}.Debug|Any CPU.ActiveCfg = Debug|Any CPU
		{C03D55D8-4A37-4214-8635-187F75B8EB14}.Debug|Any CPU.Build.0 = Debug|Any CPU
		{C03D55D8-4A37-4214-8635-187F75B8EB14}.Release|Any CPU.ActiveCfg = Release|Any CPU
		{C03D55D8-4A37-4214-8635-187F75B8EB14}.Release|Any CPU.Build.0 = Release|Any CPU
		{D46CA634-BAE8-4F97-BDA4-24067721CAA4}.Debug|Any CPU.ActiveCfg = Debug|Any CPU
		{D46CA634-BAE8-4F97-BDA4-24067721CAA4}.Debug|Any CPU.Build.0 = Debug|Any CPU
		{D46CA634-BAE8-4F97-BDA4-24067721CAA4}.Release|Any CPU.ActiveCfg = Release|Any CPU
		{D46CA634-BAE8-4F97-BDA4-24067721CAA4}.Release|Any CPU.Build.0 = Release|Any CPU
		{921A6B03-6CB0-4A6A-B989-2EEF77967BA8}.Debug|Any CPU.ActiveCfg = Debug|Any CPU
		{921A6B03-6CB0-4A6A-B989-2EEF77967BA8}.Debug|Any CPU.Build.0 = Debug|Any CPU
		{921A6B03-6CB0-4A6A-B989-2EEF77967BA8}.Release|Any CPU.ActiveCfg = Release|Any CPU
		{921A6B03-6CB0-4A6A-B989-2EEF77967BA8}.Release|Any CPU.Build.0 = Release|Any CPU
		{97F791A8-CD70-4954-8DAB-B66CE169A00F}.Debug|Any CPU.ActiveCfg = Debug|Any CPU
		{97F791A8-CD70-4954-8DAB-B66CE169A00F}.Debug|Any CPU.Build.0 = Debug|Any CPU
		{97F791A8-CD70-4954-8DAB-B66CE169A00F}.Release|Any CPU.ActiveCfg = Release|Any CPU
		{97F791A8-CD70-4954-8DAB-B66CE169A00F}.Release|Any CPU.Build.0 = Release|Any CPU
	EndGlobalSection
	GlobalSection(SolutionProperties) = preSolution
		HideSolutionNode = FALSE
	EndGlobalSection
	GlobalSection(ExtensibilityGlobals) = postSolution
		SolutionGuid = {B3D3A817-B004-4D22-8187-D5D2486540FE}
	EndGlobalSection
EndGlobal
