
Microsoft Visual Studio Solution File, Format Version 12.00
# Visual Studio Version 17
VisualStudioVersion = 17.3.32804.467
MinimumVisualStudioVersion = 10.0.40219.1
Project("{9A19103F-16F7-4668-BE54-9A1E7A4F7556}") = "wsCokeNet", "wsCokeNet.csproj", "{AB897EF6-CEAC-46FB-965D-A7AFCD8E9DC3}"
	ProjectSection(ProjectDependencies) = postProject
		{C2617DDA-2933-4B4B-BE8F-92654A3468A5} = {C2617DDA-2933-4B4B-BE8F-92654A3468A5}
	EndProjectSection
EndProject
Project("{FAE04EC0-301F-11D3-BF4B-00C04F79EFBC}") = "Negocio", "..\Negocio\Negocio.csproj", "{C2617DDA-2933-4B4B-BE8F-92654A3468A5}"
EndProject
Project("{FAE04EC0-301F-11D3-BF4B-00C04F79EFBC}") = "Entities", "..\Entities\Entities.csproj", "{B3552AFE-2A59-4441-862E-30024A23B4AD}"
EndProject
Global
	GlobalSection(SolutionConfigurationPlatforms) = preSolution
		Debug|Any CPU = Debug|Any CPU
		Release|Any CPU = Release|Any CPU
	EndGlobalSection
	GlobalSection(ProjectConfigurationPlatforms) = postSolution
		{AB897EF6-CEAC-46FB-965D-A7AFCD8E9DC3}.Debug|Any CPU.ActiveCfg = Debug|Any CPU
		{AB897EF6-CEAC-46FB-965D-A7AFCD8E9DC3}.Debug|Any CPU.Build.0 = Debug|Any CPU
		{AB897EF6-CEAC-46FB-965D-A7AFCD8E9DC3}.Release|Any CPU.ActiveCfg = Release|Any CPU
		{AB897EF6-CEAC-46FB-965D-A7AFCD8E9DC3}.Release|Any CPU.Build.0 = Release|Any CPU
		{C2617DDA-2933-4B4B-BE8F-92654A3468A5}.Debug|Any CPU.ActiveCfg = Debug|Any CPU
		{C2617DDA-2933-4B4B-BE8F-92654A3468A5}.Debug|Any CPU.Build.0 = Debug|Any CPU
		{C2617DDA-2933-4B4B-BE8F-92654A3468A5}.Release|Any CPU.ActiveCfg = Release|Any CPU
		{C2617DDA-2933-4B4B-BE8F-92654A3468A5}.Release|Any CPU.Build.0 = Release|Any CPU
		{B3552AFE-2A59-4441-862E-30024A23B4AD}.Debug|Any CPU.ActiveCfg = Debug|Any CPU
		{B3552AFE-2A59-4441-862E-30024A23B4AD}.Debug|Any CPU.Build.0 = Debug|Any CPU
		{B3552AFE-2A59-4441-862E-30024A23B4AD}.Release|Any CPU.ActiveCfg = Release|Any CPU
		{B3552AFE-2A59-4441-862E-30024A23B4AD}.Release|Any CPU.Build.0 = Release|Any CPU
	EndGlobalSection
	GlobalSection(SolutionProperties) = preSolution
		HideSolutionNode = FALSE
	EndGlobalSection
	GlobalSection(ExtensibilityGlobals) = postSolution
		SolutionGuid = {A5896EA5-716D-46F4-973E-72899BE0533F}
	EndGlobalSection
EndGlobal
